
Microsoft Visual Studio Solution File, Format Version 12.00
# Visual Studio Version 17
VisualStudioVersion = 17.8.34330.188
MinimumVisualStudioVersion = 10.0.40219.1
Project("{FAE04EC0-301F-11D3-BF4B-00C04F79EFBC}") = "CodeFlow.API", "CodeFlow.API\CodeFlow.API.csproj", "{81FE7DEF-ED4E-42FA-B8B7-3C687B103DBB}"
EndProject
Global
	GlobalSection(SolutionConfigurationPlatforms) = preSolution
		Debug|Any CPU = Debug|Any CPU
		Release|Any CPU = Release|Any CPU
	EndGlobalSection
	GlobalSection(ProjectConfigurationPlatforms) = postSolution
		{81FE7DEF-ED4E-42FA-B8B7-3C687B103DBB}.Debug|Any CPU.ActiveCfg = Debug|Any CPU
		{81FE7DEF-ED4E-42FA-B8B7-3C687B103DBB}.Debug|Any CPU.Build.0 = Debug|Any CPU
		{81FE7DEF-ED4E-42FA-B8B7-3C687B103DBB}.Release|Any CPU.ActiveCfg = Release|Any CPU
		{81FE7DEF-ED4E-42FA-B8B7-3C687B103DBB}.Release|Any CPU.Build.0 = Release|Any CPU
	EndGlobalSection
	GlobalSection(SolutionProperties) = preSolution
		HideSolutionNode = FALSE
	EndGlobalSection
	GlobalSection(ExtensibilityGlobals) = postSolution
		SolutionGuid = {50DE9D2F-3905-4B6D-9BC6-311357D1BCB6}
	EndGlobalSection
EndGlobal
